// !$*UTF8*$!
{
	archiveVersion = 1;
	classes = {
	};
	objectVersion = 46;
	objects = {

/* Begin PBXBuildFile section */
		CBAC66701B9A320600235A95 /* AppDelegate.swift in Sources */ = {isa = PBXBuildFile; fileRef = CBAC666F1B9A320600235A95 /* AppDelegate.swift */; };
		CBAC66731B9A320600235A95 /* TabBarAndPageVC.xcdatamodeld in Sources */ = {isa = PBXBuildFile; fileRef = CBAC66711B9A320600235A95 /* TabBarAndPageVC.xcdatamodeld */; };
		CBAC66751B9A320600235A95 /* ViewController.swift in Sources */ = {isa = PBXBuildFile; fileRef = CBAC66741B9A320600235A95 /* ViewController.swift */; };
		CBAC66781B9A320600235A95 /* Main.storyboard in Resources */ = {isa = PBXBuildFile; fileRef = CBAC66761B9A320600235A95 /* Main.storyboard */; };
		CBAC667A1B9A320600235A95 /* Images.xcassets in Resources */ = {isa = PBXBuildFile; fileRef = CBAC66791B9A320600235A95 /* Images.xcassets */; };
		CBAC667D1B9A320600235A95 /* LaunchScreen.xib in Resources */ = {isa = PBXBuildFile; fileRef = CBAC667B1B9A320600235A95 /* LaunchScreen.xib */; };
		CBAC66891B9A320600235A95 /* TabBarAndPageVCTests.swift in Sources */ = {isa = PBXBuildFile; fileRef = CBAC66881B9A320600235A95 /* TabBarAndPageVCTests.swift */; };
/* End PBXBuildFile section */

/* Begin PBXContainerItemProxy section */
		CBAC66831B9A320600235A95 /* PBXContainerItemProxy */ = {
			isa = PBXContainerItemProxy;
			containerPortal = CBAC66621B9A320600235A95 /* Project object */;
			proxyType = 1;
			remoteGlobalIDString = CBAC66691B9A320600235A95;
			remoteInfo = TabBarAndPageVC;
		};
/* End PBXContainerItemProxy section */

/* Begin PBXFileReference section */
		CBAC666A1B9A320600235A95 /* TabBarAndPageVC.app */ = {isa = PBXFileReference; explicitFileType = wrapper.application; includeInIndex = 0; path = TabBarAndPageVC.app; sourceTree = BUILT_PRODUCTS_DIR; };
		CBAC666E1B9A320600235A95 /* Info.plist */ = {isa = PBXFileReference; lastKnownFileType = text.plist.xml; path = Info.plist; sourceTree = "<group>"; };
		CBAC666F1B9A320600235A95 /* AppDelegate.swift */ = {isa = PBXFileReference; lastKnownFileType = sourcecode.swift; path = AppDelegate.swift; sourceTree = "<group>"; };
		CBAC66721B9A320600235A95 /* TabBarAndPageVC.xcdatamodel */ = {isa = PBXFileReference; lastKnownFileType = wrapper.xcdatamodel; path = TabBarAndPageVC.xcdatamodel; sourceTree = "<group>"; };
		CBAC66741B9A320600235A95 /* ViewController.swift */ = {isa = PBXFileReference; lastKnownFileType = sourcecode.swift; path = ViewController.swift; sourceTree = "<group>"; };
		CBAC66771B9A320600235A95 /* Base */ = {isa = PBXFileReference; lastKnownFileType = file.storyboard; name = Base; path = Base.lproj/Main.storyboard; sourceTree = "<group>"; };
		CBAC66791B9A320600235A95 /* Images.xcassets */ = {isa = PBXFileReference; lastKnownFileType = folder.assetcatalog; path = Images.xcassets; sourceTree = "<group>"; };
		CBAC667C1B9A320600235A95 /* Base */ = {isa = PBXFileReference; lastKnownFileType = file.xib; name = Base; path = Base.lproj/LaunchScreen.xib; sourceTree = "<group>"; };
		CBAC66821B9A320600235A95 /* TabBarAndPageVCTests.xctest */ = {isa = PBXFileReference; explicitFileType = wrapper.cfbundle; includeInIndex = 0; path = TabBarAndPageVCTests.xctest; sourceTree = BUILT_PRODUCTS_DIR; };
		CBAC66871B9A320600235A95 /* Info.plist */ = {isa = PBXFileReference; lastKnownFileType = text.plist.xml; path = Info.plist; sourceTree = "<group>"; };
		CBAC66881B9A320600235A95 /* TabBarAndPageVCTests.swift */ = {isa = PBXFileReference; lastKnownFileType = sourcecode.swift; path = TabBarAndPageVCTests.swift; sourceTree = "<group>"; };
/* End PBXFileReference section */

/* Begin PBXFrameworksBuildPhase section */
		CBAC66671B9A320600235A95 /* Frameworks */ = {
			isa = PBXFrameworksBuildPhase;
			buildActionMask = 2147483647;
			files = (
			);
			runOnlyForDeploymentPostprocessing = 0;
		};
		CBAC667F1B9A320600235A95 /* Frameworks */ = {
			isa = PBXFrameworksBuildPhase;
			buildActionMask = 2147483647;
			files = (
			);
			runOnlyForDeploymentPostprocessing = 0;
		};
/* End PBXFrameworksBuildPhase section */

/* Begin PBXGroup section */
		CBAC66611B9A320600235A95 = {
			isa = PBXGroup;
			children = (
				CBAC666C1B9A320600235A95 /* TabBarAndPageVC */,
				CBAC66851B9A320600235A95 /* TabBarAndPageVCTests */,
				CBAC666B1B9A320600235A95 /* Products */,
			);
			sourceTree = "<group>";
		};
		CBAC666B1B9A320600235A95 /* Products */ = {
			isa = PBXGroup;
			children = (
				CBAC666A1B9A320600235A95 /* TabBarAndPageVC.app */,
				CBAC66821B9A320600235A95 /* TabBarAndPageVCTests.xctest */,
			);
			name = Products;
			sourceTree = "<group>";
		};
		CBAC666C1B9A320600235A95 /* TabBarAndPageVC */ = {
			isa = PBXGroup;
			children = (
				CBAC666F1B9A320600235A95 /* AppDelegate.swift */,
				CBAC66741B9A320600235A95 /* ViewController.swift */,
				CBAC66761B9A320600235A95 /* Main.storyboard */,
				CBAC66791B9A320600235A95 /* Images.xcassets */,
				CBAC667B1B9A320600235A95 /* LaunchScreen.xib */,
				CBAC66711B9A320600235A95 /* TabBarAndPageVC.xcdatamodeld */,
				CBAC666D1B9A320600235A95 /* Supporting Files */,
			);
			path = TabBarAndPageVC;
			sourceTree = "<group>";
		};
		CBAC666D1B9A320600235A95 /* Supporting Files */ = {
			isa = PBXGroup;
			children = (
				CBAC666E1B9A320600235A95 /* Info.plist */,
			);
			name = "Supporting Files";
			sourceTree = "<group>";
		};
		CBAC66851B9A320600235A95 /* TabBarAndPageVCTests */ = {
			isa = PBXGroup;
			children = (
				CBAC66881B9A320600235A95 /* TabBarAndPageVCTests.swift */,
				CBAC66861B9A320600235A95 /* Supporting Files */,
			);
			path = TabBarAndPageVCTests;
			sourceTree = "<group>";
		};
		CBAC66861B9A320600235A95 /* Supporting Files */ = {
			isa = PBXGroup;
			children = (
				CBAC66871B9A320600235A95 /* Info.plist */,
			);
			name = "Supporting Files";
			sourceTree = "<group>";
		};
/* End PBXGroup section */

/* Begin PBXNativeTarget section */
		CBAC66691B9A320600235A95 /* TabBarAndPageVC */ = {
			isa = PBXNativeTarget;
			buildConfigurationList = CBAC668C1B9A320600235A95 /* Build configuration list for PBXNativeTarget "TabBarAndPageVC" */;
			buildPhases = (
				CBAC66661B9A320600235A95 /* Sources */,
				CBAC66671B9A320600235A95 /* Frameworks */,
				CBAC66681B9A320600235A95 /* Resources */,
			);
			buildRules = (
			);
			dependencies = (
			);
			name = TabBarAndPageVC;
			productName = TabBarAndPageVC;
			productReference = CBAC666A1B9A320600235A95 /* TabBarAndPageVC.app */;
			productType = "com.apple.product-type.application";
		};
		CBAC66811B9A320600235A95 /* TabBarAndPageVCTests */ = {
			isa = PBXNativeTarget;
			buildConfigurationList = CBAC668F1B9A320600235A95 /* Build configuration list for PBXNativeTarget "TabBarAndPageVCTests" */;
			buildPhases = (
				CBAC667E1B9A320600235A95 /* Sources */,
				CBAC667F1B9A320600235A95 /* Frameworks */,
				CBAC66801B9A320600235A95 /* Resources */,
			);
			buildRules = (
			);
			dependencies = (
				CBAC66841B9A320600235A95 /* PBXTargetDependency */,
			);
			name = TabBarAndPageVCTests;
			productName = TabBarAndPageVCTests;
			productReference = CBAC66821B9A320600235A95 /* TabBarAndPageVCTests.xctest */;
			productType = "com.apple.product-type.bundle.unit-test";
		};
/* End PBXNativeTarget section */

/* Begin PBXProject section */
		CBAC66621B9A320600235A95 /* Project object */ = {
			isa = PBXProject;
			attributes = {
				LastUpgradeCheck = 0640;
				ORGANIZATIONNAME = "Per Ekskog";
				TargetAttributes = {
					CBAC66691B9A320600235A95 = {
						CreatedOnToolsVersion = 6.4;
					};
					CBAC66811B9A320600235A95 = {
						CreatedOnToolsVersion = 6.4;
						TestTargetID = CBAC66691B9A320600235A95;
					};
				};
			};
			buildConfigurationList = CBAC66651B9A320600235A95 /* Build configuration list for PBXProject "TabBarAndPageVC" */;
			compatibilityVersion = "Xcode 3.2";
			developmentRegion = English;
			hasScannedForEncodings = 0;
			knownRegions = (
				en,
				Base,
			);
			mainGroup = CBAC66611B9A320600235A95;
			productRefGroup = CBAC666B1B9A320600235A95 /* Products */;
			projectDirPath = "";
			projectRoot = "";
			targets = (
				CBAC66691B9A320600235A95 /* TabBarAndPageVC */,
				CBAC66811B9A320600235A95 /* TabBarAndPageVCTests */,
			);
		};
/* End PBXProject section */

/* Begin PBXResourcesBuildPhase section */
		CBAC66681B9A320600235A95 /* Resources */ = {
			isa = PBXResourcesBuildPhase;
			buildActionMask = 2147483647;
			files = (
				CBAC66781B9A320600235A95 /* Main.storyboard in Resources */,
				CBAC667D1B9A320600235A95 /* LaunchScreen.xib in Resources */,
				CBAC667A1B9A320600235A95 /* Images.xcassets in Resources */,
			);
			runOnlyForDeploymentPostprocessing = 0;
		};
		CBAC66801B9A320600235A95 /* Resources */ = {
			isa = PBXResourcesBuildPhase;
			buildActionMask = 2147483647;
			files = (
			);
			runOnlyForDeploymentPostprocessing = 0;
		};
/* End PBXResourcesBuildPhase section */

/* Begin PBXSourcesBuildPhase section */
		CBAC66661B9A320600235A95 /* Sources */ = {
			isa = PBXSourcesBuildPhase;
			buildActionMask = 2147483647;
			files = (
				CBAC66751B9A320600235A95 /* ViewController.swift in Sources */,
				CBAC66701B9A320600235A95 /* AppDelegate.swift in Sources */,
				CBAC66731B9A320600235A95 /* TabBarAndPageVC.xcdatamodeld in Sources */,
			);
			runOnlyForDeploymentPostprocessing = 0;
		};
		CBAC667E1B9A320600235A95 /* Sources */ = {
			isa = PBXSourcesBuildPhase;
			buildActionMask = 2147483647;
			files = (
				CBAC66891B9A320600235A95 /* TabBarAndPageVCTests.swift in Sources */,
			);
			runOnlyForDeploymentPostprocessing = 0;
		};
/* End PBXSourcesBuildPhase section */

/* Begin PBXTargetDependency section */
		CBAC66841B9A320600235A95 /* PBXTargetDependency */ = {
			isa = PBXTargetDependency;
			target = CBAC66691B9A320600235A95 /* TabBarAndPageVC */;
			targetProxy = CBAC66831B9A320600235A95 /* PBXContainerItemProxy */;
		};
/* End PBXTargetDependency section */

/* Begin PBXVariantGroup section */
		CBAC66761B9A320600235A95 /* Main.storyboard */ = {
			isa = PBXVariantGroup;
			children = (
				CBAC66771B9A320600235A95 /* Base */,
			);
			name = Main.storyboard;
			sourceTree = "<group>";
		};
		CBAC667B1B9A320600235A95 /* LaunchScreen.xib */ = {
			isa = PBXVariantGroup;
			children = (
				CBAC667C1B9A320600235A95 /* Base */,
			);
			name = LaunchScreen.xib;
			sourceTree = "<group>";
		};
/* End PBXVariantGroup section */

/* Begin XCBuildConfiguration section */
		CBAC668A1B9A320600235A95 /* Debug */ = {
			isa = XCBuildConfiguration;
			buildSettings = {
				ALWAYS_SEARCH_USER_PATHS = NO;
				CLANG_CXX_LANGUAGE_STANDARD = "gnu++0x";
				CLANG_CXX_LIBRARY = "libc++";
				CLANG_ENABLE_MODULES = YES;
				CLANG_ENABLE_OBJC_ARC = YES;
				CLANG_WARN_BOOL_CONVERSION = YES;
				CLANG_WARN_CONSTANT_CONVERSION = YES;
				CLANG_WARN_DIRECT_OBJC_ISA_USAGE = YES_ERROR;
				CLANG_WARN_EMPTY_BODY = YES;
				CLANG_WARN_ENUM_CONVERSION = YES;
				CLANG_WARN_INT_CONVERSION = YES;
				CLANG_WARN_OBJC_ROOT_CLASS = YES_ERROR;
				CLANG_WARN_UNREACHABLE_CODE = YES;
				CLANG_WARN__DUPLICATE_METHOD_MATCH = YES;
				"CODE_SIGN_IDENTITY[sdk=iphoneos*]" = "iPhone Developer";
				COPY_PHASE_STRIP = NO;
				DEBUG_INFORMATION_FORMAT = "dwarf-with-dsym";
				ENABLE_STRICT_OBJC_MSGSEND = YES;
				GCC_C_LANGUAGE_STANDARD = gnu99;
				GCC_DYNAMIC_NO_PIC = NO;
				GCC_NO_COMMON_BLOCKS = YES;
				GCC_OPTIMIZATION_LEVEL = 0;
				GCC_PREPROCESSOR_DEFINITIONS = (
					"DEBUG=1",
					"$(inherited)",
				);
				GCC_SYMBOLS_PRIVATE_EXTERN = NO;
				GCC_WARN_64_TO_32_BIT_CONVERSION = YES;
				GCC_WARN_ABOUT_RETURN_TYPE = YES_ERROR;
				GCC_WARN_UNDECLARED_SELECTOR = YES;
				GCC_WARN_UNINITIALIZED_AUTOS = YES_AGGRESSIVE;
				GCC_WARN_UNUSED_FUNCTION = YES;
				GCC_WARN_UNUSED_VARIABLE = YES;
				IPHONEOS_DEPLOYMENT_TARGET = 8.4;
				MTL_ENABLE_DEBUG_INFO = YES;
				ONLY_ACTIVE_ARCH = YES;
				SDKROOT = iphoneos;
				SWIFT_OPTIMIZATION_LEVEL = "-Onone";
			};
			name = Debug;
		};
		CBAC668B1B9A320600235A95 /* Release */ = {
			isa = XCBuildConfiguration;
			buildSettings = {
				ALWAYS_SEARCH_USER_PATHS = NO;
				CLANG_CXX_LANGUAGE_STANDARD = "gnu++0x";
				CLANG_CXX_LIBRARY = "libc++";
				CLANG_ENABLE_MODULES = YES;
				CLANG_ENABLE_OBJC_ARC = YES;
				CLANG_WARN_BOOL_CONVERSION = YES;
				CLANG_WARN_CONSTANT_CONVERSION = YES;
				CLANG_WARN_DIRECT_OBJC_ISA_USAGE = YES_ERROR;
				CLANG_WARN_EMPTY_BODY = YES;
				CLANG_WARN_ENUM_CONVERSION = YES;
				CLANG_WARN_INT_CONVERSION = YES;
				CLANG_WARN_OBJC_ROOT_CLASS = YES_ERROR;
				CLANG_WARN_UNREACHABLE_CODE = YES;
				CLANG_WARN__DUPLICATE_METHOD_MATCH = YES;
				"CODE_SIGN_IDENTITY[sdk=iphoneos*]" = "iPhone Developer";
				COPY_PHASE_STRIP = NO;
				DEBUG_INFORMATION_FORMAT = "dwarf-with-dsym";
				ENABLE_NS_ASSERTIONS = NO;
				ENABLE_STRICT_OBJC_MSGSEND = YES;
				GCC_C_LANGUAGE_STANDARD = gnu99;
				GCC_NO_COMMON_BLOCKS = YES;
				GCC_WARN_64_TO_32_BIT_CONVERSION = YES;
				GCC_WARN_ABOUT_RETURN_TYPE = YES_ERROR;
				GCC_WARN_UNDECLARED_SELECTOR = YES;
				GCC_WARN_UNINITIALIZED_AUTOS = YES_AGGRESSIVE;
				GCC_WARN_UNUSED_FUNCTION = YES;
				GCC_WARN_UNUSED_VARIABLE = YES;
				IPHONEOS_DEPLOYMENT_TARGET = 8.4;
				MTL_ENABLE_DEBUG_INFO = NO;
				SDKROOT = iphoneos;
				VALIDATE_PRODUCT = YES;
			};
			name = Release;
		};
		CBAC668D1B9A320600235A95 /* Debug */ = {
			isa = XCBuildConfiguration;
			buildSettings = {
				ASSETCATALOG_COMPILER_APPICON_NAME = AppIcon;
				INFOPLIST_FILE = TabBarAndPageVC/Info.plist;
				LD_RUNPATH_SEARCH_PATHS = "$(inherited) @executable_path/Frameworks";
				PRODUCT_NAME = "$(TARGET_NAME)";
			};
			name = Debug;
		};
		CBAC668E1B9A320600235A95 /* Release */ = {
			isa = XCBuildConfiguration;
			buildSettings = {
				ASSETCATALOG_COMPILER_APPICON_NAME = AppIcon;
				INFOPLIST_FILE = TabBarAndPageVC/Info.plist;
				LD_RUNPATH_SEARCH_PATHS = "$(inherited) @executable_path/Frameworks";
				PRODUCT_NAME = "$(TARGET_NAME)";
			};
			name = Release;
		};
		CBAC66901B9A320600235A95 /* Debug */ = {
			isa = XCBuildConfiguration;
			buildSettings = {
				BUNDLE_LOADER = "$(TEST_HOST)";
				FRAMEWORK_SEARCH_PATHS = (
					"$(SDKROOT)/Developer/Library/Frameworks",
					"$(inherited)",
				);
				GCC_PREPROCESSOR_DEFINITIONS = (
					"DEBUG=1",
					"$(inherited)",
				);
				INFOPLIST_FILE = TabBarAndPageVCTests/Info.plist;
				LD_RUNPATH_SEARCH_PATHS = "$(inherited) @executable_path/Frameworks @loader_path/Frameworks";
				PRODUCT_NAME = "$(TARGET_NAME)";
				TEST_HOST = "$(BUILT_PRODUCTS_DIR)/TabBarAndPageVC.app/TabBarAndPageVC";
			};
			name = Debug;
		};
		CBAC66911B9A320600235A95 /* Release */ = {
			isa = XCBuildConfiguration;
			buildSettings = {
				BUNDLE_LOADER = "$(TEST_HOST)";
				FRAMEWORK_SEARCH_PATHS = (
					"$(SDKROOT)/Developer/Library/Frameworks",
					"$(inherited)",
				);
				INFOPLIST_FILE = TabBarAndPageVCTests/Info.plist;
				LD_RUNPATH_SEARCH_PATHS = "$(inherited) @executable_path/Frameworks @loader_path/Frameworks";
				PRODUCT_NAME = "$(TARGET_NAME)";
				TEST_HOST = "$(BUILT_PRODUCTS_DIR)/TabBarAndPageVC.app/TabBarAndPageVC";
			};
			name = Release;
		};
/* End XCBuildConfiguration section */

/* Begin XCConfigurationList section */
		CBAC66651B9A320600235A95 /* Build configuration list for PBXProject "TabBarAndPageVC" */ = {
			isa = XCConfigurationList;
			buildConfigurations = (
				CBAC668A1B9A320600235A95 /* Debug */,
				CBAC668B1B9A320600235A95 /* Release */,
			);
			defaultConfigurationIsVisible = 0;
			defaultConfigurationName = Release;
		};
		CBAC668C1B9A320600235A95 /* Build configuration list for PBXNativeTarget "TabBarAndPageVC" */ = {
			isa = XCConfigurationList;
			buildConfigurations = (
				CBAC668D1B9A320600235A95 /* Debug */,
				CBAC668E1B9A320600235A95 /* Release */,
			);
			defaultConfigurationIsVisible = 0;
		};
		CBAC668F1B9A320600235A95 /* Build configuration list for PBXNativeTarget "TabBarAndPageVCTests" */ = {
			isa = XCConfigurationList;
			buildConfigurations = (
				CBAC66901B9A320600235A95 /* Debug */,
				CBAC66911B9A320600235A95 /* Release */,
			);
			defaultConfigurationIsVisible = 0;
		};
/* End XCConfigurationList section */

/* Begin XCVersionGroup section */
		CBAC66711B9A320600235A95 /* TabBarAndPageVC.xcdatamodeld */ = {
			isa = XCVersionGroup;
			children = (
				CBAC66721B9A320600235A95 /* TabBarAndPageVC.xcdatamodel */,
			);
			currentVersion = CBAC66721B9A320600235A95 /* TabBarAndPageVC.xcdatamodel */;
			path = TabBarAndPageVC.xcdatamodeld;
			sourceTree = "<group>";
			versionGroupType = wrapper.xcdatamodel;
		};
/* End XCVersionGroup section */
	};
	rootObject = CBAC66621B9A320600235A95 /* Project object */;
}
